<?xml version="1.0" encoding="utf-8"?>
<Project ToolsVersion="4.0" xmlns="http://schemas.microsoft.com/developer/msbuild/2003">
  <ItemGroup>
    <ClCompile Include="main.cpp" />
  </ItemGroup>
  <ItemGroup>
    <Filter Include="Kinetics">
      <UniqueIdentifier>{9b441786-aba6-4614-9d5f-de97c8f367f4}</UniqueIdentifier>
    </Filter>
    <Filter Include="Perception AI">
      <UniqueIdentifier>{44914026-1c9c-4c33-bb1a-212a747fb79c}</UniqueIdentifier>
    </Filter>
  </ItemGroup>
</Project>